{
  "name": "node-jsr",
  "version": "1.0.0",
  "lockfileVersion": 3,
  "requires": true,
  "packages": {
    "": {
      "name": "node-jsr",
      "version": "1.0.0",
      "license": "ISC",
      "dependencies": {
        "@hono/hono": "npm:@jsr/hono__hono@^4.4.3",
        "@std/fmt": "npm:@jsr/std__fmt@^0.225.3"
      }
    },
    "node_modules/@hono/hono": {
      "name": "@jsr/hono__hono",
      "version": "4.4.3",
      "resolved": "https://npm.jsr.io/~/11/@jsr/hono__hono/4.4.3.tgz",
      "integrity": "sha512-pmqZJcxGmaZvIvW/paw9o8ZaU13HOqIBpb9tMsmUb/PL/5A3rVQB0WpFngh9Ff6yiCu51yLv6Td3WEGrQ3eyLw=="
    },
    "node_modules/@std/fmt": {
      "name": "@jsr/std__fmt",
      "version": "0.225.3",
      "resolved": "https://npm.jsr.io/~/11/@jsr/std__fmt/0.225.3.tgz",
      "integrity": "sha512-QWhORT/9ELsnIlE2i52Vh5YLA0DnDvuNqtDDqimzeaDfjnmBDS8+iajHm9v/1TcQYMMmCiRREoTYbabo/pKTUg=="
    }
  }
}
